
Microsoft Visual Studio Solution File, Format Version 12.00
# Visual Studio Version 16
VisualStudioVersion = 16.0.32106.194
MinimumVisualStudioVersion = 10.0.40219.1
Project("{FAE04EC0-301F-11D3-BF4B-00C04F79EFBC}") = "KataPassword", "KataPassword\KataPassword.csproj", "{8C20C2BC-23EF-4BBC-A5E9-3A8E24F9BEEF}"
EndProject
Project("{FAE04EC0-301F-11D3-BF4B-00C04F79EFBC}") = "TestProjectKataPassword", "TestProjectKataPassword\TestProjectKataPassword.csproj", "{587866F2-D621-4DCF-89E4-38E0C9BB5C50}"
EndProject
Global
	GlobalSection(SolutionConfigurationPlatforms) = preSolution
		Debug|Any CPU = Debug|Any CPU
		Release|Any CPU = Release|Any CPU
	EndGlobalSection
	GlobalSection(ProjectConfigurationPlatforms) = postSolution
		{8C20C2BC-23EF-4BBC-A5E9-3A8E24F9BEEF}.Debug|Any CPU.ActiveCfg = Debug|Any CPU
		{8C20C2BC-23EF-4BBC-A5E9-3A8E24F9BEEF}.Debug|Any CPU.Build.0 = Debug|Any CPU
		{8C20C2BC-23EF-4BBC-A5E9-3A8E24F9BEEF}.Release|Any CPU.ActiveCfg = Release|Any CPU
		{8C20C2BC-23EF-4BBC-A5E9-3A8E24F9BEEF}.Release|Any CPU.Build.0 = Release|Any CPU
		{587866F2-D621-4DCF-89E4-38E0C9BB5C50}.Debug|Any CPU.ActiveCfg = Debug|Any CPU
		{587866F2-D621-4DCF-89E4-38E0C9BB5C50}.Debug|Any CPU.Build.0 = Debug|Any CPU
		{587866F2-D621-4DCF-89E4-38E0C9BB5C50}.Release|Any CPU.ActiveCfg = Release|Any CPU
		{587866F2-D621-4DCF-89E4-38E0C9BB5C50}.Release|Any CPU.Build.0 = Release|Any CPU
	EndGlobalSection
	GlobalSection(SolutionProperties) = preSolution
		HideSolutionNode = FALSE
	EndGlobalSection
	GlobalSection(ExtensibilityGlobals) = postSolution
		SolutionGuid = {0DE529C6-CE98-426A-B967-0A6968A0316A}
	EndGlobalSection
EndGlobal
