
Microsoft Visual Studio Solution File, Format Version 12.00
# Visual Studio Version 17
VisualStudioVersion = 17.0.32112.339
MinimumVisualStudioVersion = 10.0.40219.1
Project("{FAE04EC0-301F-11D3-BF4B-00C04F79EFBC}") = "KataPassword", "KataPassword\KataPassword.csproj", "{A61A46B5-4AC2-491D-8628-1855CEA42A5A}"
EndProject
Project("{FAE04EC0-301F-11D3-BF4B-00C04F79EFBC}") = "KataPasswordTest", "KataPasswordTest\KataPasswordTest.csproj", "{6F7806A8-8A21-4A7B-BC0F-E9D3DD68954B}"
EndProject
Global
	GlobalSection(SolutionConfigurationPlatforms) = preSolution
		Debug|Any CPU = Debug|Any CPU
		Release|Any CPU = Release|Any CPU
	EndGlobalSection
	GlobalSection(ProjectConfigurationPlatforms) = postSolution
		{A61A46B5-4AC2-491D-8628-1855CEA42A5A}.Debug|Any CPU.ActiveCfg = Debug|Any CPU
		{A61A46B5-4AC2-491D-8628-1855CEA42A5A}.Debug|Any CPU.Build.0 = Debug|Any CPU
		{A61A46B5-4AC2-491D-8628-1855CEA42A5A}.Release|Any CPU.ActiveCfg = Release|Any CPU
		{A61A46B5-4AC2-491D-8628-1855CEA42A5A}.Release|Any CPU.Build.0 = Release|Any CPU
		{6F7806A8-8A21-4A7B-BC0F-E9D3DD68954B}.Debug|Any CPU.ActiveCfg = Debug|Any CPU
		{6F7806A8-8A21-4A7B-BC0F-E9D3DD68954B}.Debug|Any CPU.Build.0 = Debug|Any CPU
		{6F7806A8-8A21-4A7B-BC0F-E9D3DD68954B}.Release|Any CPU.ActiveCfg = Release|Any CPU
		{6F7806A8-8A21-4A7B-BC0F-E9D3DD68954B}.Release|Any CPU.Build.0 = Release|Any CPU
	EndGlobalSection
	GlobalSection(SolutionProperties) = preSolution
		HideSolutionNode = FALSE
	EndGlobalSection
	GlobalSection(ExtensibilityGlobals) = postSolution
		SolutionGuid = {94742335-E1C1-4DA9-88B4-0D24AFB0EFE6}
	EndGlobalSection
EndGlobal
